// !$*UTF8*$!
{
	archiveVersion = 1;
	classes = {
	};
	objectVersion = 46;
	objects = {

/* Begin PBXBuildFile section */
		24F79B5B1D3FB606006B3817 /* main.m in Sources */ = {isa = PBXBuildFile; fileRef = 24F79B5A1D3FB606006B3817 /* main.m */; };
		24F79B5E1D3FB606006B3817 /* AppDelegate.m in Sources */ = {isa = PBXBuildFile; fileRef = 24F79B5D1D3FB606006B3817 /* AppDelegate.m */; };
		24F79B611D3FB606006B3817 /* ViewController.m in Sources */ = {isa = PBXBuildFile; fileRef = 24F79B601D3FB606006B3817 /* ViewController.m */; };
		24F79B641D3FB606006B3817 /* Main.storyboard in Resources */ = {isa = PBXBuildFile; fileRef = 24F79B621D3FB606006B3817 /* Main.storyboard */; };
		24F79B661D3FB606006B3817 /* Assets.xcassets in Resources */ = {isa = PBXBuildFile; fileRef = 24F79B651D3FB606006B3817 /* Assets.xcassets */; };
		24F79B691D3FB606006B3817 /* LaunchScreen.storyboard in Resources */ = {isa = PBXBuildFile; fileRef = 24F79B671D3FB606006B3817 /* LaunchScreen.storyboard */; };
		24F79B711D3FB62D006B3817 /* 20-DS11WB(消失动画).zip in Resources */ = {isa = PBXBuildFile; fileRef = 24F79B701D3FB62D006B3817 /* 20-DS11WB(消失动画).zip */; };
		24F79B731D3FB8D3006B3817 /* UIView+Extension.swift.zip in Resources */ = {isa = PBXBuildFile; fileRef = 24F79B721D3FB8D3006B3817 /* UIView+Extension.swift.zip */; };
		24F79B751D3FB97D006B3817 /* 音频播放.html in Resources */ = {isa = PBXBuildFile; fileRef = 24F79B741D3FB97D006B3817 /* 音频播放.html */; };
		24F79B771D3FBB0D006B3817 /* 屏幕快照 2016-07-20 下午9.58.10.png in Resources */ = {isa = PBXBuildFile; fileRef = 24F79B761D3FBB0D006B3817 /* 屏幕快照 2016-07-20 下午9.58.10.png */; };
		24F79B791D3FBB7D006B3817 /* 文本内容.zip in Resources */ = {isa = PBXBuildFile; fileRef = 24F79B781D3FBB7D006B3817 /* 文本内容.zip */; };
/* End PBXBuildFile section */

/* Begin PBXFileReference section */
		24F79B561D3FB606006B3817 /* 11微博.app */ = {isa = PBXFileReference; explicitFileType = wrapper.application; includeInIndex = 0; path = "11微博.app"; sourceTree = BUILT_PRODUCTS_DIR; };
		24F79B5A1D3FB606006B3817 /* main.m */ = {isa = PBXFileReference; lastKnownFileType = sourcecode.c.objc; path = main.m; sourceTree = "<group>"; };
		24F79B5C1D3FB606006B3817 /* AppDelegate.h */ = {isa = PBXFileReference; lastKnownFileType = sourcecode.c.h; path = AppDelegate.h; sourceTree = "<group>"; };
		24F79B5D1D3FB606006B3817 /* AppDelegate.m */ = {isa = PBXFileReference; lastKnownFileType = sourcecode.c.objc; path = AppDelegate.m; sourceTree = "<group>"; };
		24F79B5F1D3FB606006B3817 /* ViewController.h */ = {isa = PBXFileReference; lastKnownFileType = sourcecode.c.h; path = ViewController.h; sourceTree = "<group>"; };
		24F79B601D3FB606006B3817 /* ViewController.m */ = {isa = PBXFileReference; lastKnownFileType = sourcecode.c.objc; path = ViewController.m; sourceTree = "<group>"; };
		24F79B631D3FB606006B3817 /* Base */ = {isa = PBXFileReference; lastKnownFileType = file.storyboard; name = Base; path = Base.lproj/Main.storyboard; sourceTree = "<group>"; };
		24F79B651D3FB606006B3817 /* Assets.xcassets */ = {isa = PBXFileReference; lastKnownFileType = folder.assetcatalog; path = Assets.xcassets; sourceTree = "<group>"; };
		24F79B681D3FB606006B3817 /* Base */ = {isa = PBXFileReference; lastKnownFileType = file.storyboard; name = Base; path = Base.lproj/LaunchScreen.storyboard; sourceTree = "<group>"; };
		24F79B6A1D3FB606006B3817 /* Info.plist */ = {isa = PBXFileReference; lastKnownFileType = text.plist.xml; path = Info.plist; sourceTree = "<group>"; };
		24F79B701D3FB62D006B3817 /* 20-DS11WB(消失动画).zip */ = {isa = PBXFileReference; lastKnownFileType = archive.zip; path = "20-DS11WB(消失动画).zip"; sourceTree = "<group>"; };
		24F79B721D3FB8D3006B3817 /* UIView+Extension.swift.zip */ = {isa = PBXFileReference; lastKnownFileType = archive.zip; path = "UIView+Extension.swift.zip"; sourceTree = "<group>"; };
		24F79B741D3FB97D006B3817 /* 音频播放.html */ = {isa = PBXFileReference; fileEncoding = 4; lastKnownFileType = text.html; path = "音频播放.html"; sourceTree = "<group>"; };
		24F79B761D3FBB0D006B3817 /* 屏幕快照 2016-07-20 下午9.58.10.png */ = {isa = PBXFileReference; lastKnownFileType = image.png; path = "屏幕快照 2016-07-20 下午9.58.10.png"; sourceTree = "<group>"; };
		24F79B781D3FBB7D006B3817 /* 文本内容.zip */ = {isa = PBXFileReference; lastKnownFileType = archive.zip; path = "文本内容.zip"; sourceTree = "<group>"; };
/* End PBXFileReference section */

/* Begin PBXFrameworksBuildPhase section */
		24F79B531D3FB606006B3817 /* Frameworks */ = {
			isa = PBXFrameworksBuildPhase;
			buildActionMask = 2147483647;
			files = (
			);
			runOnlyForDeploymentPostprocessing = 0;
		};
/* End PBXFrameworksBuildPhase section */

/* Begin PBXGroup section */
		24F79B4D1D3FB606006B3817 = {
			isa = PBXGroup;
			children = (
				24F79B581D3FB606006B3817 /* 11微博 */,
				24F79B571D3FB606006B3817 /* Products */,
			);
			sourceTree = "<group>";
		};
		24F79B571D3FB606006B3817 /* Products */ = {
			isa = PBXGroup;
			children = (
				24F79B561D3FB606006B3817 /* 11微博.app */,
			);
			name = Products;
			sourceTree = "<group>";
		};
		24F79B581D3FB606006B3817 /* 11微博 */ = {
			isa = PBXGroup;
			children = (
				24F79B781D3FBB7D006B3817 /* 文本内容.zip */,
				24F79B761D3FBB0D006B3817 /* 屏幕快照 2016-07-20 下午9.58.10.png */,
				24F79B721D3FB8D3006B3817 /* UIView+Extension.swift.zip */,
				24F79B741D3FB97D006B3817 /* 音频播放.html */,
				24F79B5C1D3FB606006B3817 /* AppDelegate.h */,
				24F79B701D3FB62D006B3817 /* 20-DS11WB(消失动画).zip */,
				24F79B5D1D3FB606006B3817 /* AppDelegate.m */,
				24F79B5F1D3FB606006B3817 /* ViewController.h */,
				24F79B601D3FB606006B3817 /* ViewController.m */,
				24F79B621D3FB606006B3817 /* Main.storyboard */,
				24F79B651D3FB606006B3817 /* Assets.xcassets */,
				24F79B671D3FB606006B3817 /* LaunchScreen.storyboard */,
				24F79B6A1D3FB606006B3817 /* Info.plist */,
				24F79B591D3FB606006B3817 /* Supporting Files */,
			);
			path = "11微博";
			sourceTree = "<group>";
		};
		24F79B591D3FB606006B3817 /* Supporting Files */ = {
			isa = PBXGroup;
			children = (
				24F79B5A1D3FB606006B3817 /* main.m */,
			);
			name = "Supporting Files";
			sourceTree = "<group>";
		};
/* End PBXGroup section */

/* Begin PBXNativeTarget section */
		24F79B551D3FB606006B3817 /* 11微博 */ = {
			isa = PBXNativeTarget;
			buildConfigurationList = 24F79B6D1D3FB606006B3817 /* Build configuration list for PBXNativeTarget "11微博" */;
			buildPhases = (
				24F79B521D3FB606006B3817 /* Sources */,
				24F79B531D3FB606006B3817 /* Frameworks */,
				24F79B541D3FB606006B3817 /* Resources */,
			);
			buildRules = (
			);
			dependencies = (
			);
			name = "11微博";
			productName = "11微博";
			productReference = 24F79B561D3FB606006B3817 /* 11微博.app */;
			productType = "com.apple.product-type.application";
		};
/* End PBXNativeTarget section */

/* Begin PBXProject section */
		24F79B4E1D3FB606006B3817 /* Project object */ = {
			isa = PBXProject;
			attributes = {
				LastUpgradeCheck = 0720;
				ORGANIZATIONNAME = TangZhiHui;
				TargetAttributes = {
					24F79B551D3FB606006B3817 = {
						CreatedOnToolsVersion = 7.2.1;
					};
				};
			};
			buildConfigurationList = 24F79B511D3FB606006B3817 /* Build configuration list for PBXProject "11微博" */;
			compatibilityVersion = "Xcode 3.2";
			developmentRegion = English;
			hasScannedForEncodings = 0;
			knownRegions = (
				en,
				Base,
			);
			mainGroup = 24F79B4D1D3FB606006B3817;
			productRefGroup = 24F79B571D3FB606006B3817 /* Products */;
			projectDirPath = "";
			projectRoot = "";
			targets = (
				24F79B551D3FB606006B3817 /* 11微博 */,
			);
		};
/* End PBXProject section */

/* Begin PBXResourcesBuildPhase section */
		24F79B541D3FB606006B3817 /* Resources */ = {
			isa = PBXResourcesBuildPhase;
			buildActionMask = 2147483647;
			files = (
				24F79B691D3FB606006B3817 /* LaunchScreen.storyboard in Resources */,
				24F79B661D3FB606006B3817 /* Assets.xcassets in Resources */,
				24F79B711D3FB62D006B3817 /* 20-DS11WB(消失动画).zip in Resources */,
				24F79B791D3FBB7D006B3817 /* 文本内容.zip in Resources */,
				24F79B641D3FB606006B3817 /* Main.storyboard in Resources */,
				24F79B731D3FB8D3006B3817 /* UIView+Extension.swift.zip in Resources */,
				24F79B751D3FB97D006B3817 /* 音频播放.html in Resources */,
				24F79B771D3FBB0D006B3817 /* 屏幕快照 2016-07-20 下午9.58.10.png in Resources */,
			);
			runOnlyForDeploymentPostprocessing = 0;
		};
/* End PBXResourcesBuildPhase section */

/* Begin PBXSourcesBuildPhase section */
		24F79B521D3FB606006B3817 /* Sources */ = {
			isa = PBXSourcesBuildPhase;
			buildActionMask = 2147483647;
			files = (
				24F79B611D3FB606006B3817 /* ViewController.m in Sources */,
				24F79B5E1D3FB606006B3817 /* AppDelegate.m in Sources */,
				24F79B5B1D3FB606006B3817 /* main.m in Sources */,
			);
			runOnlyForDeploymentPostprocessing = 0;
		};
/* End PBXSourcesBuildPhase section */

/* Begin PBXVariantGroup section */
		24F79B621D3FB606006B3817 /* Main.storyboard */ = {
			isa = PBXVariantGroup;
			children = (
				24F79B631D3FB606006B3817 /* Base */,
			);
			name = Main.storyboard;
			sourceTree = "<group>";
		};
		24F79B671D3FB606006B3817 /* LaunchScreen.storyboard */ = {
			isa = PBXVariantGroup;
			children = (
				24F79B681D3FB606006B3817 /* Base */,
			);
			name = LaunchScreen.storyboard;
			sourceTree = "<group>";
		};
/* End PBXVariantGroup section */

/* Begin XCBuildConfiguration section */
		24F79B6B1D3FB606006B3817 /* Debug */ = {
			isa = XCBuildConfiguration;
			buildSettings = {
				ALWAYS_SEARCH_USER_PATHS = NO;
				CLANG_CXX_LANGUAGE_STANDARD = "gnu++0x";
				CLANG_CXX_LIBRARY = "libc++";
				CLANG_ENABLE_MODULES = YES;
				CLANG_ENABLE_OBJC_ARC = YES;
				CLANG_WARN_BOOL_CONVERSION = YES;
				CLANG_WARN_CONSTANT_CONVERSION = YES;
				CLANG_WARN_DIRECT_OBJC_ISA_USAGE = YES_ERROR;
				CLANG_WARN_EMPTY_BODY = YES;
				CLANG_WARN_ENUM_CONVERSION = YES;
				CLANG_WARN_INT_CONVERSION = YES;
				CLANG_WARN_OBJC_ROOT_CLASS = YES_ERROR;
				CLANG_WARN_UNREACHABLE_CODE = YES;
				CLANG_WARN__DUPLICATE_METHOD_MATCH = YES;
				"CODE_SIGN_IDENTITY[sdk=iphoneos*]" = "iPhone Developer";
				COPY_PHASE_STRIP = NO;
				DEBUG_INFORMATION_FORMAT = dwarf;
				ENABLE_STRICT_OBJC_MSGSEND = YES;
				ENABLE_TESTABILITY = YES;
				GCC_C_LANGUAGE_STANDARD = gnu99;
				GCC_DYNAMIC_NO_PIC = NO;
				GCC_NO_COMMON_BLOCKS = YES;
				GCC_OPTIMIZATION_LEVEL = 0;
				GCC_PREPROCESSOR_DEFINITIONS = (
					"DEBUG=1",
					"$(inherited)",
				);
				GCC_WARN_64_TO_32_BIT_CONVERSION = YES;
				GCC_WARN_ABOUT_RETURN_TYPE = YES_ERROR;
				GCC_WARN_UNDECLARED_SELECTOR = YES;
				GCC_WARN_UNINITIALIZED_AUTOS = YES_AGGRESSIVE;
				GCC_WARN_UNUSED_FUNCTION = YES;
				GCC_WARN_UNUSED_VARIABLE = YES;
				IPHONEOS_DEPLOYMENT_TARGET = 9.2;
				MTL_ENABLE_DEBUG_INFO = YES;
				ONLY_ACTIVE_ARCH = YES;
				SDKROOT = iphoneos;
			};
			name = Debug;
		};
		24F79B6C1D3FB606006B3817 /* Release */ = {
			isa = XCBuildConfiguration;
			buildSettings = {
				ALWAYS_SEARCH_USER_PATHS = NO;
				CLANG_CXX_LANGUAGE_STANDARD = "gnu++0x";
				CLANG_CXX_LIBRARY = "libc++";
				CLANG_ENABLE_MODULES = YES;
				CLANG_ENABLE_OBJC_ARC = YES;
				CLANG_WARN_BOOL_CONVERSION = YES;
				CLANG_WARN_CONSTANT_CONVERSION = YES;
				CLANG_WARN_DIRECT_OBJC_ISA_USAGE = YES_ERROR;
				CLANG_WARN_EMPTY_BODY = YES;
				CLANG_WARN_ENUM_CONVERSION = YES;
				CLANG_WARN_INT_CONVERSION = YES;
				CLANG_WARN_OBJC_ROOT_CLASS = YES_ERROR;
				CLANG_WARN_UNREACHABLE_CODE = YES;
				CLANG_WARN__DUPLICATE_METHOD_MATCH = YES;
				"CODE_SIGN_IDENTITY[sdk=iphoneos*]" = "iPhone Developer";
				COPY_PHASE_STRIP = NO;
				DEBUG_INFORMATION_FORMAT = "dwarf-with-dsym";
				ENABLE_NS_ASSERTIONS = NO;
				ENABLE_STRICT_OBJC_MSGSEND = YES;
				GCC_C_LANGUAGE_STANDARD = gnu99;
				GCC_NO_COMMON_BLOCKS = YES;
				GCC_WARN_64_TO_32_BIT_CONVERSION = YES;
				GCC_WARN_ABOUT_RETURN_TYPE = YES_ERROR;
				GCC_WARN_UNDECLARED_SELECTOR = YES;
				GCC_WARN_UNINITIALIZED_AUTOS = YES_AGGRESSIVE;
				GCC_WARN_UNUSED_FUNCTION = YES;
				GCC_WARN_UNUSED_VARIABLE = YES;
				IPHONEOS_DEPLOYMENT_TARGET = 9.2;
				MTL_ENABLE_DEBUG_INFO = NO;
				SDKROOT = iphoneos;
				VALIDATE_PRODUCT = YES;
			};
			name = Release;
		};
		24F79B6E1D3FB606006B3817 /* Debug */ = {
			isa = XCBuildConfiguration;
			buildSettings = {
				ASSETCATALOG_COMPILER_APPICON_NAME = AppIcon;
				INFOPLIST_FILE = "11微博/Info.plist";
				LD_RUNPATH_SEARCH_PATHS = "$(inherited) @executable_path/Frameworks";
				PRODUCT_BUNDLE_IDENTIFIER = "com.toafrica.four.-1--";
				PRODUCT_NAME = "$(TARGET_NAME)";
			};
			name = Debug;
		};
		24F79B6F1D3FB606006B3817 /* Release */ = {
			isa = XCBuildConfiguration;
			buildSettings = {
				ASSETCATALOG_COMPILER_APPICON_NAME = AppIcon;
				INFOPLIST_FILE = "11微博/Info.plist";
				LD_RUNPATH_SEARCH_PATHS = "$(inherited) @executable_path/Frameworks";
				PRODUCT_BUNDLE_IDENTIFIER = "com.toafrica.four.-1--";
				PRODUCT_NAME = "$(TARGET_NAME)";
			};
			name = Release;
		};
/* End XCBuildConfiguration section */

/* Begin XCConfigurationList section */
		24F79B511D3FB606006B3817 /* Build configuration list for PBXProject "11微博" */ = {
			isa = XCConfigurationList;
			buildConfigurations = (
				24F79B6B1D3FB606006B3817 /* Debug */,
				24F79B6C1D3FB606006B3817 /* Release */,
			);
			defaultConfigurationIsVisible = 0;
			defaultConfigurationName = Release;
		};
		24F79B6D1D3FB606006B3817 /* Build configuration list for PBXNativeTarget "11微博" */ = {
			isa = XCConfigurationList;
			buildConfigurations = (
				24F79B6E1D3FB606006B3817 /* Debug */,
				24F79B6F1D3FB606006B3817 /* Release */,
			);
			defaultConfigurationIsVisible = 0;
		};
/* End XCConfigurationList section */
	};
	rootObject = 24F79B4E1D3FB606006B3817 /* Project object */;
}
